{
  "name": "@openlfcp-examples/legacy-0.1.3",
  "version": "0.0.0",
  "lockfileVersion": 3,
  "requires": true,
  "packages": {
    "": {
      "name": "@openlfcp-examples/legacy-0.1.3",
      "version": "0.0.0",
      "license": "Apache-2.0",
      "dependencies": {
        "@openlfcp/client": "0.1.3",
        "@openlfcp/core": "0.1.3",
        "@openlfcp/crypto": "0.1.3",
        "@openlfcp/shared-objects": "0.1.3",
        "@openlfcp/storage": "0.1.3",
        "@openlfcp/storage-node": "0.1.3",
        "@openlfcp/wire": "0.1.3"
      }
    },
    "node_modules/@automerge/automerge": {
      "version": "3.5.0",
      "resolved": "https://registry.npmjs.org/@automerge/automerge/-/automerge-3.5.0.tgz",
      "integrity": "sha512-ejbqJWfXWM2QbTcUK/5ugYiQiyOP7LYVAp/RuSvthCc07oek0FClMxEuouuhjrLjVPDSI34RP1ftGc45PF7WRA==",
      "license": "MIT"
    },
    "node_modules/@noble/ciphers": {
      "version": "2.4.0",
      "resolved": "https://registry.npmjs.org/@noble/ciphers/-/ciphers-2.4.0.tgz",
      "integrity": "sha512-AnjFn0Jv92laAkvMrghlFZq4qQCIN/4DxFV/eooqtC2YTjB7kBeLMS2T9KJX4Dn+ZVXLOwK0lSgqDtx9gvxtiw==",
      "license": "MIT",
      "engines": {
        "node": ">= 20.19.0"
      },
      "funding": {
        "url": "https://paulmillr.com/funding/"
      }
    },
    "node_modules/@noble/curves": {
      "version": "2.4.0",
      "resolved": "https://registry.npmjs.org/@noble/curves/-/curves-2.4.0.tgz",
      "integrity": "sha512-P4/62zrgfH33CneE3Dn4WhJVA22YUU0eR51wKIan4NVRvwsA0YnPTwWGpNbpuacSujmSFLvyzpyuR30+fbq2Ew==",
      "license": "MIT",
      "dependencies": {
        "@noble/hashes": "2.4.0"
      },
      "engines": {
        "node": ">= 20.19.0"
      },
      "funding": {
        "url": "https://paulmillr.com/funding/"
      }
    },
    "node_modules/@noble/hashes": {
      "version": "2.4.0",
      "resolved": "https://registry.npmjs.org/@noble/hashes/-/hashes-2.4.0.tgz",
      "integrity": "sha512-X5XaVWZIBCT7HHZGm5I7ZQXDwLG+bGXuSrMQAW+7Zvl87h1kmc1ZB1VSRJcpUfoUrGQp4Fkoxm5kZ+Ms+aW+eA==",
      "license": "MIT",
      "engines": {
        "node": ">= 20.19.0"
      },
      "funding": {
        "url": "https://paulmillr.com/funding/"
      }
    },
    "node_modules/@noble/post-quantum": {
      "version": "0.7.1",
      "resolved": "https://registry.npmjs.org/@noble/post-quantum/-/post-quantum-0.7.1.tgz",
      "integrity": "sha512-+P9981IiAnVh+rmcubozzVwrEy3XsN/tMhTnvsjV9VDaYpOnNCqWqKo2FLWxbu92YHfjGIlE5XnW175UK+ln+Q==",
      "license": "MIT",
      "dependencies": {
        "@noble/ciphers": "2.4.0",
        "@noble/curves": "2.4.0",
        "@noble/hashes": "2.4.0"
      },
      "engines": {
        "node": ">= 20.19.0"
      },
      "funding": {
        "url": "https://paulmillr.com/funding/"
      }
    },
    "node_modules/@openlfcp/client": {
      "version": "0.1.3",
      "resolved": "https://registry.npmjs.org/@openlfcp/client/-/client-0.1.3.tgz",
      "integrity": "sha512-CL7qX5ky82nhzf0vVQP74Fou6QQEwfX66SEEd6K9aQAXZplzOSayrbnJd54nJjMDzw++6Dw2zNeOUEmmBDiUNQ==",
      "license": "Apache-2.0",
      "dependencies": {
        "@openlfcp/core": "^0.1.3",
        "@openlfcp/crypto": "^0.1.3",
        "@openlfcp/storage": "^0.1.3",
        "@openlfcp/wire": "^0.1.3"
      },
      "engines": {
        "node": ">=24"
      }
    },
    "node_modules/@openlfcp/core": {
      "version": "0.1.3",
      "resolved": "https://registry.npmjs.org/@openlfcp/core/-/core-0.1.3.tgz",
      "integrity": "sha512-dE+DPzkBdKDS86GkUHeAzeBaAjWs8JCwtta+GZrEtkRFlqy17boub8XNT6el6shkAVj67hReIU4i+v1nfUP4Qg==",
      "license": "Apache-2.0",
      "engines": {
        "node": ">=24"
      }
    },
    "node_modules/@openlfcp/crypto": {
      "version": "0.1.3",
      "resolved": "https://registry.npmjs.org/@openlfcp/crypto/-/crypto-0.1.3.tgz",
      "integrity": "sha512-U4DDPuq8p5outgW5L7z7NTbEy0PjjkAjlDUtkURabYXM1SNzfvRhYuVY0CEbjedTH9XU1xjnyGG2XvpsCMyRBQ==",
      "license": "Apache-2.0",
      "dependencies": {
        "@noble/ciphers": "^2.4.0",
        "@noble/curves": "^2.4.0",
        "@noble/hashes": "^2.4.0",
        "@openlfcp/core": "^0.1.3",
        "@panva/hpke-noble": "^1.1.7",
        "hpke": "^1.1.7"
      },
      "engines": {
        "node": ">=24"
      }
    },
    "node_modules/@openlfcp/shared-objects": {
      "version": "0.1.3",
      "resolved": "https://registry.npmjs.org/@openlfcp/shared-objects/-/shared-objects-0.1.3.tgz",
      "integrity": "sha512-PFYdRVV/FrT6LJsU0C3G13i5tsENnmVRRS4MXHVqG4aDho91hWhXDnbYYnkU71z/5FpjJb1gr5IMeYZMKc7ByA==",
      "license": "Apache-2.0",
      "dependencies": {
        "@automerge/automerge": "3.5.0",
        "@openlfcp/core": "^0.1.3",
        "@openlfcp/crypto": "^0.1.3",
        "fflate": "0.8.3"
      },
      "engines": {
        "node": ">=24"
      }
    },
    "node_modules/@openlfcp/storage": {
      "version": "0.1.3",
      "resolved": "https://registry.npmjs.org/@openlfcp/storage/-/storage-0.1.3.tgz",
      "integrity": "sha512-4VcxpsM3C0r6pKzCIYvLAdKxUnXoS+sCYCiVCWg+9OJGxsD3EWRsJ0EWrO/eL+RMNIMBIXCqxDH6z+TS0qzIBg==",
      "license": "Apache-2.0",
      "dependencies": {
        "@openlfcp/core": "^0.1.3"
      },
      "engines": {
        "node": ">=24"
      }
    },
    "node_modules/@openlfcp/storage-node": {
      "version": "0.1.3",
      "resolved": "https://registry.npmjs.org/@openlfcp/storage-node/-/storage-node-0.1.3.tgz",
      "integrity": "sha512-4AcWHd8ik5bcT6Dv/GmytONzo/Qqp9BxhfW7PHuXeE0W1oK08NFonbf2JcK8EFzSHcKTwHTw+QJvOzYVQ7UjEw==",
      "license": "Apache-2.0",
      "dependencies": {
        "@openlfcp/core": "^0.1.3",
        "@openlfcp/storage": "^0.1.3",
        "better-sqlite3": "13.0.3"
      },
      "engines": {
        "node": ">=24"
      }
    },
    "node_modules/@openlfcp/wire": {
      "version": "0.1.3",
      "resolved": "https://registry.npmjs.org/@openlfcp/wire/-/wire-0.1.3.tgz",
      "integrity": "sha512-qBt6fEWbZuldNCJSDmuBheYh3fqTbUsQa3NqZOo1x7Se2ZAo0/5v3EUEgw/kVvhF6+Zjtd+dRu35cVrGKGi8YQ==",
      "license": "Apache-2.0",
      "dependencies": {
        "@openlfcp/core": "^0.1.3",
        "@openlfcp/crypto": "^0.1.3"
      },
      "engines": {
        "node": ">=24"
      }
    },
    "node_modules/@panva/hpke-noble": {
      "version": "1.1.7",
      "resolved": "https://registry.npmjs.org/@panva/hpke-noble/-/hpke-noble-1.1.7.tgz",
      "integrity": "sha512-PYjl0Oi1vGMvJIRY0zbHC7FsUw+WZLSFhCgL5emcqVePmyC1sREWrPb3r3lUDRnT+AcgLV2JRitunuwQmh0IBA==",
      "license": "MIT",
      "dependencies": {
        "@noble/ciphers": "^2.3.0",
        "@noble/curves": "^2.3.0",
        "@noble/hashes": "^2.3.0",
        "@noble/post-quantum": "^0.7.1"
      },
      "funding": {
        "url": "https://github.com/sponsors/panva"
      },
      "peerDependencies": {
        "hpke": "^1.0.0"
      }
    },
    "node_modules/better-sqlite3": {
      "version": "13.0.3",
      "resolved": "https://registry.npmjs.org/better-sqlite3/-/better-sqlite3-13.0.3.tgz",
      "integrity": "sha512-RbOBxmLBG8uvFUc15X9+9SFemKcQ0WBuISBVkpuiaUB2qblC8UWlHEjdWVoZ8AdhSwmoEgsiXKfopX0CQxaACQ==",
      "license": "MIT",
      "dependencies": {
        "node-addon-api": "^8.0.0"
      },
      "engines": {
        "node": ">=22"
      }
    },
    "node_modules/fflate": {
      "version": "0.8.3",
      "resolved": "https://registry.npmjs.org/fflate/-/fflate-0.8.3.tgz",
      "integrity": "sha512-tbZNuJrLwGUp3zshBtdy4W+ORxZuIh8a5ilyIEQDC5rY1f3U20JMry0Ll3WBzU58EZKsEuJFXhb5gwv8CsPvgA==",
      "license": "MIT"
    },
    "node_modules/hpke": {
      "version": "1.1.7",
      "resolved": "https://registry.npmjs.org/hpke/-/hpke-1.1.7.tgz",
      "integrity": "sha512-wQGOBpFBFlP2h7euuLuey8yJGUtJ+c8D/ohPxtTQqpICItFtHDpbXk2B29xfUpIFPn0miS9TJVObFGAeEZzDJA==",
      "license": "MIT",
      "funding": {
        "url": "https://github.com/sponsors/panva"
      }
    },
    "node_modules/node-addon-api": {
      "version": "8.9.2",
      "resolved": "https://registry.npmjs.org/node-addon-api/-/node-addon-api-8.9.2.tgz",
      "integrity": "sha512-VijLXbi3UACN69I0JVXJsX4tjACjNoQDgv2gTF6sx2wWEi8tkSg2eX8p5gSIFi8z2+DL3oHmY6OyKce38SDolg==",
      "license": "MIT",
      "engines": {
        "node": "^18 || ^20 || >= 21"
      }
    }
  }
}
